
Microsoft Visual Studio Solution File, Format Version 12.00
# Visual Studio Version 17
VisualStudioVersion = 17.0.31903.59
MinimumVisualStudioVersion = 10.0.40219.1
Project("{9A19103F-16F7-4668-BE54-9A1E7A4F7556}") = "ProjetSymfoCS_DAL", "ProjetSymfoCS.DAL\ProjetSymfoCS_DAL.csproj", "{D303ECF5-FD37-4F02-ACF7-3252F3479CC0}"
EndProject
Project("{9A19103F-16F7-4668-BE54-9A1E7A4F7556}") = "ProjetSymfoCS_Metier", "ProjetSymfoCS.Metier\ProjetSymfoCS_Metier.csproj", "{70246DD2-854D-4BAB-A31A-4BB8EF40AF6D}"
EndProject
Project("{9A19103F-16F7-4668-BE54-9A1E7A4F7556}") = "ProjetSymfoCS_Console", "ProjetSymfoCS.Console\ProjetSymfoCS_Console.csproj", "{83FF0C0D-69F7-4FD1-8FBC-C15E1493016C}"
EndProject
Project("{9A19103F-16F7-4668-BE54-9A1E7A4F7556}") = "ProjetSymfoCS_Web", "ProjetSymfoCS_Web\ProjetSymfoCS_Web.csproj", "{5766072B-C2C2-44B8-9CF3-A18B7138E8F7}"
EndProject
Global
	GlobalSection(SolutionConfigurationPlatforms) = preSolution
		Debug|Any CPU = Debug|Any CPU
		Release|Any CPU = Release|Any CPU
	EndGlobalSection
	GlobalSection(ProjectConfigurationPlatforms) = postSolution
		{D303ECF5-FD37-4F02-ACF7-3252F3479CC0}.Debug|Any CPU.ActiveCfg = Debug|Any CPU
		{D303ECF5-FD37-4F02-ACF7-3252F3479CC0}.Debug|Any CPU.Build.0 = Debug|Any CPU
		{D303ECF5-FD37-4F02-ACF7-3252F3479CC0}.Release|Any CPU.ActiveCfg = Release|Any CPU
		{D303ECF5-FD37-4F02-ACF7-3252F3479CC0}.Release|Any CPU.Build.0 = Release|Any CPU
		{70246DD2-854D-4BAB-A31A-4BB8EF40AF6D}.Debug|Any CPU.ActiveCfg = Debug|Any CPU
		{70246DD2-854D-4BAB-A31A-4BB8EF40AF6D}.Debug|Any CPU.Build.0 = Debug|Any CPU
		{70246DD2-854D-4BAB-A31A-4BB8EF40AF6D}.Release|Any CPU.ActiveCfg = Release|Any CPU
		{70246DD2-854D-4BAB-A31A-4BB8EF40AF6D}.Release|Any CPU.Build.0 = Release|Any CPU
		{83FF0C0D-69F7-4FD1-8FBC-C15E1493016C}.Debug|Any CPU.ActiveCfg = Debug|Any CPU
		{83FF0C0D-69F7-4FD1-8FBC-C15E1493016C}.Debug|Any CPU.Build.0 = Debug|Any CPU
		{83FF0C0D-69F7-4FD1-8FBC-C15E1493016C}.Release|Any CPU.ActiveCfg = Release|Any CPU
		{83FF0C0D-69F7-4FD1-8FBC-C15E1493016C}.Release|Any CPU.Build.0 = Release|Any CPU
		{5766072B-C2C2-44B8-9CF3-A18B7138E8F7}.Debug|Any CPU.ActiveCfg = Debug|Any CPU
		{5766072B-C2C2-44B8-9CF3-A18B7138E8F7}.Debug|Any CPU.Build.0 = Debug|Any CPU
		{5766072B-C2C2-44B8-9CF3-A18B7138E8F7}.Release|Any CPU.ActiveCfg = Release|Any CPU
		{5766072B-C2C2-44B8-9CF3-A18B7138E8F7}.Release|Any CPU.Build.0 = Release|Any CPU
	EndGlobalSection
	GlobalSection(SolutionProperties) = preSolution
		HideSolutionNode = FALSE
	EndGlobalSection
	GlobalSection(ExtensibilityGlobals) = postSolution
		SolutionGuid = {215ABE98-E07A-4CC2-B2CE-246203DDB0B6}
	EndGlobalSection
EndGlobal
